
Microsoft Visual Studio Solution File, Format Version 12.00
# Visual Studio Version 17
VisualStudioVersion = 17.1.32421.90
MinimumVisualStudioVersion = 10.0.40219.1
Project("{FAE04EC0-301F-11D3-BF4B-00C04F79EFBC}") = "StackAndQueues", "StackAndQueues\StackAndQueues.csproj", "{E3AE5C73-D23B-42E6-B360-B7907DDFB801}"
EndProject
Global
	GlobalSection(SolutionConfigurationPlatforms) = preSolution
		Debug|Any CPU = Debug|Any CPU
		Release|Any CPU = Release|Any CPU
	EndGlobalSection
	GlobalSection(ProjectConfigurationPlatforms) = postSolution
		{E3AE5C73-D23B-42E6-B360-B7907DDFB801}.Debug|Any CPU.ActiveCfg = Debug|Any CPU
		{E3AE5C73-D23B-42E6-B360-B7907DDFB801}.Debug|Any CPU.Build.0 = Debug|Any CPU
		{E3AE5C73-D23B-42E6-B360-B7907DDFB801}.Release|Any CPU.ActiveCfg = Release|Any CPU
		{E3AE5C73-D23B-42E6-B360-B7907DDFB801}.Release|Any CPU.Build.0 = Release|Any CPU
	EndGlobalSection
	GlobalSection(SolutionProperties) = preSolution
		HideSolutionNode = FALSE
	EndGlobalSection
	GlobalSection(ExtensibilityGlobals) = postSolution
		SolutionGuid = {C5B35414-6474-43EF-BD0B-5B425BF2407A}
	EndGlobalSection
EndGlobal
